{
    "_readme": [
        "This file locks the dependencies of your project to a known state",
        "Read more about it at https://getcomposer.org/doc/01-basic-usage.md#installing-dependencies",
        "This file is @generated automatically"
    ],
    "content-hash": "44f26ca57bd0f5dc8fddc7e5cfe39d7e",
    "packages": [
        {
            "name": "jeffpacks/substractor",
            "version": "1.0.0",
            "source": {
                "type": "git",
                "url": "https://github.com/jeffpacks/substractor.git",
                "reference": "beb1680ec84d20839bc3dc7a683825a45f534387"
            },
            "dist": {
                "type": "zip",
                "url": "https://api.github.com/repos/jeffpacks/substractor/zipball/beb1680ec84d20839bc3dc7a683825a45f534387",
                "reference": "beb1680ec84d20839bc3dc7a683825a45f534387",
                "shasum": ""
            },
            "require": {
                "php": "^7.4"
            },
            "type": "library",
            "autoload": {
                "psr-4": {
                    "jeffpacks\\substractor\\": "src"
                }
            },
            "notification-url": "https://packagist.org/downloads/",
            "license": [
                "MIT"
            ],
            "authors": [
                {
                    "name": "Johan Fredrik Varen",
                    "email": "jeffpacks@varen.no",
                    "homepage": "https://github.com/jeffpacks"
                }
            ],
            "description": "A sub-string extractor for the regex ignorant",
            "homepage": "https://github.com/jeffpacks/substractor",
            "support": {
                "issues": "https://github.com/jeffpacks/substractor/issues",
                "source": "https://github.com/jeffpacks/substractor/tree/1.0.0"
            },
            "time": "2021-10-12T08:16:39+00:00"
        }
    ],
    "packages-dev": [],
    "aliases": [],
    "minimum-stability": "stable",
    "stability-flags": [],
    "prefer-stable": false,
    "prefer-lowest": false,
    "platform": {
        "php": "^7.4"
    },
    "platform-dev": [],
    "plugin-api-version": "2.1.0"
}
